
Microsoft Visual Studio Solution File, Format Version 12.00
# Visual Studio Version 16
VisualStudioVersion = 25.0.1706.7
MinimumVisualStudioVersion = 10.0.40219.1
Project("{FAE04EC0-301F-11D3-BF4B-00C04F79EFBC}") = "WebAppBlank", "WebAppBlank\WebAppBlank.csproj", "{A5727791-33BD-4FC5-9EBB-D2F1BC3366DF}"
EndProject
Global
	GlobalSection(SolutionConfigurationPlatforms) = preSolution
		Debug|Any CPU = Debug|Any CPU
		Release|Any CPU = Release|Any CPU
	EndGlobalSection
	GlobalSection(ProjectConfigurationPlatforms) = postSolution
		{A5727791-33BD-4FC5-9EBB-D2F1BC3366DF}.Debug|Any CPU.ActiveCfg = Debug|Any CPU
		{A5727791-33BD-4FC5-9EBB-D2F1BC3366DF}.Debug|Any CPU.Build.0 = Debug|Any CPU
		{A5727791-33BD-4FC5-9EBB-D2F1BC3366DF}.Release|Any CPU.ActiveCfg = Release|Any CPU
		{A5727791-33BD-4FC5-9EBB-D2F1BC3366DF}.Release|Any CPU.Build.0 = Release|Any CPU
	EndGlobalSection
	GlobalSection(SolutionProperties) = preSolution
		HideSolutionNode = FALSE
	EndGlobalSection
	GlobalSection(ExtensibilityGlobals) = postSolution
		SolutionGuid = {B44417E0-E9B1-4814-BBF4-328389E1CF34}
	EndGlobalSection
EndGlobal
